PODS:
  - SideMenu (1.1.7)
  - SWXMLHash (2.3.1)

DEPENDENCIES:
  - SideMenu
  - SWXMLHash (~> 2.3.1)

SPEC CHECKSUMS:
  SideMenu: 7b420772e1aa7a2b3a0b0e191566e7e8e0868f53
  SWXMLHash: 795c66e74f4cc9473ad6465c6653c5a6f59f417e

PODFILE CHECKSUM: be690b952da1797905daa0908d056ebec28b64a3

COCOAPODS: 1.0.1
